
Microsoft Visual Studio Solution File, Format Version 12.00
# Visual Studio Version 16
VisualStudioVersion = 16.0.30717.126
MinimumVisualStudioVersion = 10.0.40219.1
Project("{9A19103F-16F7-4668-BE54-9A1E7A4F7556}") = "AdventOfCode.Utilities", "AdventOfCode.Utilities\AdventOfCode.Utilities.csproj", "{5B1E71BE-E3C5-4576-AC46-0B1E1F1514B8}"
EndProject
Project("{9A19103F-16F7-4668-BE54-9A1E7A4F7556}") = "Day1", "Day1.1\Day1.csproj", "{F312F690-6B47-4049-9352-48FD641221C3}"
EndProject
Project("{9A19103F-16F7-4668-BE54-9A1E7A4F7556}") = "Day2", "day2\Day2.csproj", "{700712E7-018B-49E4-B9A9-6A94EF9981F0}"
EndProject
Project("{9A19103F-16F7-4668-BE54-9A1E7A4F7556}") = "Day3", "Day3\Day3.csproj", "{CF7BBA0D-3457-4840-A716-CCFB83AC1BBC}"
EndProject
Project("{9A19103F-16F7-4668-BE54-9A1E7A4F7556}") = "Day4", "Day4\Day4.csproj", "{81782760-C89D-4226-AE14-DAA18F0149F8}"
EndProject
Project("{9A19103F-16F7-4668-BE54-9A1E7A4F7556}") = "Day5", "Day5\Day5.csproj", "{8F4DC401-1A45-47D0-A107-8C2405BE4EB8}"
EndProject
Project("{9A19103F-16F7-4668-BE54-9A1E7A4F7556}") = "Day6", "Day6\Day6.csproj", "{F0E94D75-30EA-4DE4-814C-D387D1790FF7}"
EndProject
Project("{9A19103F-16F7-4668-BE54-9A1E7A4F7556}") = "Day7", "Day7\Day7.csproj", "{7EB63B41-264F-4A9C-86C9-0D317DC589AF}"
EndProject
Project("{9A19103F-16F7-4668-BE54-9A1E7A4F7556}") = "Day8", "Day8\Day8.csproj", "{1A0B04AF-F9F2-42F1-B33F-74B4929B3D3C}"
EndProject
Project("{9A19103F-16F7-4668-BE54-9A1E7A4F7556}") = "Day9", "Day9\Day9.csproj", "{81D8C52F-F494-4AE7-BB2D-33915BB9DAB8}"
EndProject
Project("{9A19103F-16F7-4668-BE54-9A1E7A4F7556}") = "Day10", "Day10\Day10.csproj", "{6E5E3298-4EC2-4F3E-942F-64A5F6967201}"
EndProject
Project("{9A19103F-16F7-4668-BE54-9A1E7A4F7556}") = "Day11", "Day11\Day11.csproj", "{8C3FDA91-ED7F-4EB5-9BBB-8A1C1F53F8F4}"
EndProject
Project("{9A19103F-16F7-4668-BE54-9A1E7A4F7556}") = "Day12", "Day12\Day12.csproj", "{FEFD45B5-5F8A-4F3F-8D6E-4ACE32FB0AD9}"
EndProject
Project("{9A19103F-16F7-4668-BE54-9A1E7A4F7556}") = "Day13", "Day13\Day13.csproj", "{A64D582B-5325-461E-89AC-3492A7F65F84}"
EndProject
Project("{9A19103F-16F7-4668-BE54-9A1E7A4F7556}") = "Day14", "Day14\Day14.csproj", "{3066E354-72B0-40FD-8014-EEFC8ECB074A}"
EndProject
Project("{9A19103F-16F7-4668-BE54-9A1E7A4F7556}") = "DirksAlgorithm", "DirksAlgorithm\DirksAlgorithm.csproj", "{BF57209B-B9DA-4CE0-A78C-2BCA89961E38}"
EndProject
Project("{9A19103F-16F7-4668-BE54-9A1E7A4F7556}") = "Day15", "Day15\Day15.csproj", "{C8EB55DC-04A4-49D6-B941-41929596A26D}"
EndProject
Project("{9A19103F-16F7-4668-BE54-9A1E7A4F7556}") = "Day16", "day16\Day16.csproj", "{758E1166-8CD9-4F29-9F36-A2001B9B39EE}"
EndProject
Project("{9A19103F-16F7-4668-BE54-9A1E7A4F7556}") = "Day17", "Day17\Day17.csproj", "{F3098E6E-2830-47B0-AD66-D1C3F676CAC4}"
EndProject
Project("{9A19103F-16F7-4668-BE54-9A1E7A4F7556}") = "Day18", "Day18\Day18.csproj", "{4080E0EC-2F95-49A5-BD83-378F45216047}"
EndProject
Project("{9A19103F-16F7-4668-BE54-9A1E7A4F7556}") = "Day19", "Day19\Day19.csproj", "{7DBADC7B-F1A1-4B0D-8E91-7B2921118BBE}"
EndProject
Project("{9A19103F-16F7-4668-BE54-9A1E7A4F7556}") = "Day0", "Day0\Day0.csproj", "{B45DD979-B066-464F-AE25-5FD986B48737}"
EndProject
Project("{9A19103F-16F7-4668-BE54-9A1E7A4F7556}") = "Day20", "Day20\Day20.csproj", "{ECBE7B40-6B70-4346-BB7B-7A674CE9266C}"
EndProject
Project("{9A19103F-16F7-4668-BE54-9A1E7A4F7556}") = "Day21", "Day21\Day21.csproj", "{0F0038FF-5F1F-463A-9914-73CED5D5C68F}"
EndProject
Project("{9A19103F-16F7-4668-BE54-9A1E7A4F7556}") = "Day22", "Day22\Day22.csproj", "{07DDE8C0-E762-4CFF-8706-CAF621C283FA}"
EndProject
Project("{9A19103F-16F7-4668-BE54-9A1E7A4F7556}") = "Day24", "Day24\Day24.csproj", "{D544E69D-CE20-4DC3-8A72-9184C53473CE}"
EndProject
Project("{FAE04EC0-301F-11D3-BF4B-00C04F79EFBC}") = "Day25", "Day25\Day25.csproj", "{D61F40E9-52A7-4C1D-94A8-2E075D96FFF3}"
EndProject
Project("{FAE04EC0-301F-11D3-BF4B-00C04F79EFBC}") = "Day23", "Day23\Day23.csproj", "{B23AE982-21EA-424D-8D5C-4DD662FA6CED}"
EndProject
Global
	GlobalSection(SolutionConfigurationPlatforms) = preSolution
		Debug|Any CPU = Debug|Any CPU
		Release|Any CPU = Release|Any CPU
	EndGlobalSection
	GlobalSection(ProjectConfigurationPlatforms) = postSolution
		{5B1E71BE-E3C5-4576-AC46-0B1E1F1514B8}.Debug|Any CPU.ActiveCfg = Debug|Any CPU
		{5B1E71BE-E3C5-4576-AC46-0B1E1F1514B8}.Debug|Any CPU.Build.0 = Debug|Any CPU
		{5B1E71BE-E3C5-4576-AC46-0B1E1F1514B8}.Release|Any CPU.ActiveCfg = Release|Any CPU
		{5B1E71BE-E3C5-4576-AC46-0B1E1F1514B8}.Release|Any CPU.Build.0 = Release|Any CPU
		{F312F690-6B47-4049-9352-48FD641221C3}.Debug|Any CPU.ActiveCfg = Debug|Any CPU
		{F312F690-6B47-4049-9352-48FD641221C3}.Debug|Any CPU.Build.0 = Debug|Any CPU
		{F312F690-6B47-4049-9352-48FD641221C3}.Release|Any CPU.ActiveCfg = Release|Any CPU
		{F312F690-6B47-4049-9352-48FD641221C3}.Release|Any CPU.Build.0 = Release|Any CPU
		{700712E7-018B-49E4-B9A9-6A94EF9981F0}.Debug|Any CPU.ActiveCfg = Debug|Any CPU
		{700712E7-018B-49E4-B9A9-6A94EF9981F0}.Debug|Any CPU.Build.0 = Debug|Any CPU
		{700712E7-018B-49E4-B9A9-6A94EF9981F0}.Release|Any CPU.ActiveCfg = Release|Any CPU
		{700712E7-018B-49E4-B9A9-6A94EF9981F0}.Release|Any CPU.Build.0 = Release|Any CPU
		{CF7BBA0D-3457-4840-A716-CCFB83AC1BBC}.Debug|Any CPU.ActiveCfg = Debug|Any CPU
		{CF7BBA0D-3457-4840-A716-CCFB83AC1BBC}.Debug|Any CPU.Build.0 = Debug|Any CPU
		{CF7BBA0D-3457-4840-A716-CCFB83AC1BBC}.Release|Any CPU.ActiveCfg = Release|Any CPU
		{CF7BBA0D-3457-4840-A716-CCFB83AC1BBC}.Release|Any CPU.Build.0 = Release|Any CPU
		{81782760-C89D-4226-AE14-DAA18F0149F8}.Debug|Any CPU.ActiveCfg = Debug|Any CPU
		{81782760-C89D-4226-AE14-DAA18F0149F8}.Debug|Any CPU.Build.0 = Debug|Any CPU
		{81782760-C89D-4226-AE14-DAA18F0149F8}.Release|Any CPU.ActiveCfg = Release|Any CPU
		{81782760-C89D-4226-AE14-DAA18F0149F8}.Release|Any CPU.Build.0 = Release|Any CPU
		{8F4DC401-1A45-47D0-A107-8C2405BE4EB8}.Debug|Any CPU.ActiveCfg = Debug|Any CPU
		{8F4DC401-1A45-47D0-A107-8C2405BE4EB8}.Debug|Any CPU.Build.0 = Debug|Any CPU
		{8F4DC401-1A45-47D0-A107-8C2405BE4EB8}.Release|Any CPU.ActiveCfg = Release|Any CPU
		{8F4DC401-1A45-47D0-A107-8C2405BE4EB8}.Release|Any CPU.Build.0 = Release|Any CPU
		{F0E94D75-30EA-4DE4-814C-D387D1790FF7}.Debug|Any CPU.ActiveCfg = Debug|Any CPU
		{F0E94D75-30EA-4DE4-814C-D387D1790FF7}.Debug|Any CPU.Build.0 = Debug|Any CPU
		{F0E94D75-30EA-4DE4-814C-D387D1790FF7}.Release|Any CPU.ActiveCfg = Release|Any CPU
		{F0E94D75-30EA-4DE4-814C-D387D1790FF7}.Release|Any CPU.Build.0 = Release|Any CPU
		{7EB63B41-264F-4A9C-86C9-0D317DC589AF}.Debug|Any CPU.ActiveCfg = Debug|Any CPU
		{7EB63B41-264F-4A9C-86C9-0D317DC589AF}.Debug|Any CPU.Build.0 = Debug|Any CPU
		{7EB63B41-264F-4A9C-86C9-0D317DC589AF}.Release|Any CPU.ActiveCfg = Release|Any CPU
		{7EB63B41-264F-4A9C-86C9-0D317DC589AF}.Release|Any CPU.Build.0 = Release|Any CPU
		{1A0B04AF-F9F2-42F1-B33F-74B4929B3D3C}.Debug|Any CPU.ActiveCfg = Debug|Any CPU
		{1A0B04AF-F9F2-42F1-B33F-74B4929B3D3C}.Debug|Any CPU.Build.0 = Debug|Any CPU
		{1A0B04AF-F9F2-42F1-B33F-74B4929B3D3C}.Release|Any CPU.ActiveCfg = Release|Any CPU
		{1A0B04AF-F9F2-42F1-B33F-74B4929B3D3C}.Release|Any CPU.Build.0 = Release|Any CPU
		{81D8C52F-F494-4AE7-BB2D-33915BB9DAB8}.Debug|Any CPU.ActiveCfg = Debug|Any CPU
		{81D8C52F-F494-4AE7-BB2D-33915BB9DAB8}.Debug|Any CPU.Build.0 = Debug|Any CPU
		{81D8C52F-F494-4AE7-BB2D-33915BB9DAB8}.Release|Any CPU.ActiveCfg = Release|Any CPU
		{81D8C52F-F494-4AE7-BB2D-33915BB9DAB8}.Release|Any CPU.Build.0 = Release|Any CPU
		{6E5E3298-4EC2-4F3E-942F-64A5F6967201}.Debug|Any CPU.ActiveCfg = Debug|Any CPU
		{6E5E3298-4EC2-4F3E-942F-64A5F6967201}.Debug|Any CPU.Build.0 = Debug|Any CPU
		{6E5E3298-4EC2-4F3E-942F-64A5F6967201}.Release|Any CPU.ActiveCfg = Release|Any CPU
		{6E5E3298-4EC2-4F3E-942F-64A5F6967201}.Release|Any CPU.Build.0 = Release|Any CPU
		{8C3FDA91-ED7F-4EB5-9BBB-8A1C1F53F8F4}.Debug|Any CPU.ActiveCfg = Debug|Any CPU
		{8C3FDA91-ED7F-4EB5-9BBB-8A1C1F53F8F4}.Debug|Any CPU.Build.0 = Debug|Any CPU
		{8C3FDA91-ED7F-4EB5-9BBB-8A1C1F53F8F4}.Release|Any CPU.ActiveCfg = Release|Any CPU
		{8C3FDA91-ED7F-4EB5-9BBB-8A1C1F53F8F4}.Release|Any CPU.Build.0 = Release|Any CPU
		{FEFD45B5-5F8A-4F3F-8D6E-4ACE32FB0AD9}.Debug|Any CPU.ActiveCfg = Debug|Any CPU
		{FEFD45B5-5F8A-4F3F-8D6E-4ACE32FB0AD9}.Debug|Any CPU.Build.0 = Debug|Any CPU
		{FEFD45B5-5F8A-4F3F-8D6E-4ACE32FB0AD9}.Release|Any CPU.ActiveCfg = Release|Any CPU
		{FEFD45B5-5F8A-4F3F-8D6E-4ACE32FB0AD9}.Release|Any CPU.Build.0 = Release|Any CPU
		{A64D582B-5325-461E-89AC-3492A7F65F84}.Debug|Any CPU.ActiveCfg = Debug|Any CPU
		{A64D582B-5325-461E-89AC-3492A7F65F84}.Debug|Any CPU.Build.0 = Debug|Any CPU
		{A64D582B-5325-461E-89AC-3492A7F65F84}.Release|Any CPU.ActiveCfg = Release|Any CPU
		{A64D582B-5325-461E-89AC-3492A7F65F84}.Release|Any CPU.Build.0 = Release|Any CPU
		{3066E354-72B0-40FD-8014-EEFC8ECB074A}.Debug|Any CPU.ActiveCfg = Debug|Any CPU
		{3066E354-72B0-40FD-8014-EEFC8ECB074A}.Debug|Any CPU.Build.0 = Debug|Any CPU
		{3066E354-72B0-40FD-8014-EEFC8ECB074A}.Release|Any CPU.ActiveCfg = Release|Any CPU
		{3066E354-72B0-40FD-8014-EEFC8ECB074A}.Release|Any CPU.Build.0 = Release|Any CPU
		{BF57209B-B9DA-4CE0-A78C-2BCA89961E38}.Debug|Any CPU.ActiveCfg = Debug|Any CPU
		{BF57209B-B9DA-4CE0-A78C-2BCA89961E38}.Debug|Any CPU.Build.0 = Debug|Any CPU
		{BF57209B-B9DA-4CE0-A78C-2BCA89961E38}.Release|Any CPU.ActiveCfg = Release|Any CPU
		{BF57209B-B9DA-4CE0-A78C-2BCA89961E38}.Release|Any CPU.Build.0 = Release|Any CPU
		{C8EB55DC-04A4-49D6-B941-41929596A26D}.Debug|Any CPU.ActiveCfg = Debug|Any CPU
		{C8EB55DC-04A4-49D6-B941-41929596A26D}.Debug|Any CPU.Build.0 = Debug|Any CPU
		{C8EB55DC-04A4-49D6-B941-41929596A26D}.Release|Any CPU.ActiveCfg = Release|Any CPU
		{C8EB55DC-04A4-49D6-B941-41929596A26D}.Release|Any CPU.Build.0 = Release|Any CPU
		{758E1166-8CD9-4F29-9F36-A2001B9B39EE}.Debug|Any CPU.ActiveCfg = Debug|Any CPU
		{758E1166-8CD9-4F29-9F36-A2001B9B39EE}.Debug|Any CPU.Build.0 = Debug|Any CPU
		{758E1166-8CD9-4F29-9F36-A2001B9B39EE}.Release|Any CPU.ActiveCfg = Release|Any CPU
		{758E1166-8CD9-4F29-9F36-A2001B9B39EE}.Release|Any CPU.Build.0 = Release|Any CPU
		{F3098E6E-2830-47B0-AD66-D1C3F676CAC4}.Debug|Any CPU.ActiveCfg = Debug|Any CPU
		{F3098E6E-2830-47B0-AD66-D1C3F676CAC4}.Debug|Any CPU.Build.0 = Debug|Any CPU
		{F3098E6E-2830-47B0-AD66-D1C3F676CAC4}.Release|Any CPU.ActiveCfg = Release|Any CPU
		{F3098E6E-2830-47B0-AD66-D1C3F676CAC4}.Release|Any CPU.Build.0 = Release|Any CPU
		{4080E0EC-2F95-49A5-BD83-378F45216047}.Debug|Any CPU.ActiveCfg = Debug|Any CPU
		{4080E0EC-2F95-49A5-BD83-378F45216047}.Debug|Any CPU.Build.0 = Debug|Any CPU
		{4080E0EC-2F95-49A5-BD83-378F45216047}.Release|Any CPU.ActiveCfg = Release|Any CPU
		{4080E0EC-2F95-49A5-BD83-378F45216047}.Release|Any CPU.Build.0 = Release|Any CPU
		{7DBADC7B-F1A1-4B0D-8E91-7B2921118BBE}.Debug|Any CPU.ActiveCfg = Debug|Any CPU
		{7DBADC7B-F1A1-4B0D-8E91-7B2921118BBE}.Debug|Any CPU.Build.0 = Debug|Any CPU
		{7DBADC7B-F1A1-4B0D-8E91-7B2921118BBE}.Release|Any CPU.ActiveCfg = Release|Any CPU
		{7DBADC7B-F1A1-4B0D-8E91-7B2921118BBE}.Release|Any CPU.Build.0 = Release|Any CPU
		{B45DD979-B066-464F-AE25-5FD986B48737}.Debug|Any CPU.ActiveCfg = Debug|Any CPU
		{B45DD979-B066-464F-AE25-5FD986B48737}.Debug|Any CPU.Build.0 = Debug|Any CPU
		{B45DD979-B066-464F-AE25-5FD986B48737}.Release|Any CPU.ActiveCfg = Release|Any CPU
		{B45DD979-B066-464F-AE25-5FD986B48737}.Release|Any CPU.Build.0 = Release|Any CPU
		{ECBE7B40-6B70-4346-BB7B-7A674CE9266C}.Debug|Any CPU.ActiveCfg = Debug|Any CPU
		{ECBE7B40-6B70-4346-BB7B-7A674CE9266C}.Debug|Any CPU.Build.0 = Debug|Any CPU
		{ECBE7B40-6B70-4346-BB7B-7A674CE9266C}.Release|Any CPU.ActiveCfg = Release|Any CPU
		{ECBE7B40-6B70-4346-BB7B-7A674CE9266C}.Release|Any CPU.Build.0 = Release|Any CPU
		{0F0038FF-5F1F-463A-9914-73CED5D5C68F}.Debug|Any CPU.ActiveCfg = Debug|Any CPU
		{0F0038FF-5F1F-463A-9914-73CED5D5C68F}.Debug|Any CPU.Build.0 = Debug|Any CPU
		{0F0038FF-5F1F-463A-9914-73CED5D5C68F}.Release|Any CPU.ActiveCfg = Release|Any CPU
		{0F0038FF-5F1F-463A-9914-73CED5D5C68F}.Release|Any CPU.Build.0 = Release|Any CPU
		{07DDE8C0-E762-4CFF-8706-CAF621C283FA}.Debug|Any CPU.ActiveCfg = Debug|Any CPU
		{07DDE8C0-E762-4CFF-8706-CAF621C283FA}.Debug|Any CPU.Build.0 = Debug|Any CPU
		{07DDE8C0-E762-4CFF-8706-CAF621C283FA}.Release|Any CPU.ActiveCfg = Release|Any CPU
		{07DDE8C0-E762-4CFF-8706-CAF621C283FA}.Release|Any CPU.Build.0 = Release|Any CPU
		{D544E69D-CE20-4DC3-8A72-9184C53473CE}.Debug|Any CPU.ActiveCfg = Debug|Any CPU
		{D544E69D-CE20-4DC3-8A72-9184C53473CE}.Debug|Any CPU.Build.0 = Debug|Any CPU
		{D544E69D-CE20-4DC3-8A72-9184C53473CE}.Release|Any CPU.ActiveCfg = Release|Any CPU
		{D544E69D-CE20-4DC3-8A72-9184C53473CE}.Release|Any CPU.Build.0 = Release|Any CPU
		{D61F40E9-52A7-4C1D-94A8-2E075D96FFF3}.Debug|Any CPU.ActiveCfg = Debug|Any CPU
		{D61F40E9-52A7-4C1D-94A8-2E075D96FFF3}.Debug|Any CPU.Build.0 = Debug|Any CPU
		{D61F40E9-52A7-4C1D-94A8-2E075D96FFF3}.Release|Any CPU.ActiveCfg = Release|Any CPU
		{D61F40E9-52A7-4C1D-94A8-2E075D96FFF3}.Release|Any CPU.Build.0 = Release|Any CPU
		{B23AE982-21EA-424D-8D5C-4DD662FA6CED}.Debug|Any CPU.ActiveCfg = Debug|Any CPU
		{B23AE982-21EA-424D-8D5C-4DD662FA6CED}.Debug|Any CPU.Build.0 = Debug|Any CPU
		{B23AE982-21EA-424D-8D5C-4DD662FA6CED}.Release|Any CPU.ActiveCfg = Release|Any CPU
		{B23AE982-21EA-424D-8D5C-4DD662FA6CED}.Release|Any CPU.Build.0 = Release|Any CPU
	EndGlobalSection
	GlobalSection(SolutionProperties) = preSolution
		HideSolutionNode = FALSE
	EndGlobalSection
	GlobalSection(ExtensibilityGlobals) = postSolution
		SolutionGuid = {E9A01211-0B85-4243-BDDB-92ECE13ADB22}
	EndGlobalSection
EndGlobal
